// !$*UTF8*$!
{
	archiveVersion = 1;
	classes = {
	};
	objectVersion = 55;
	objects = {

/* Begin PBXBuildFile section */
		1371D5C027BCF86F00B79D1D /* CrossDK.xcframework in Frameworks */ = {isa = PBXBuildFile; fileRef = 1371D5BE27BCF84300B79D1D /* CrossDK.xcframework */; };
		1371D5C127BCF86F00B79D1D /* CrossDK.xcframework in Embed Frameworks */ = {isa = PBXBuildFile; fileRef = 1371D5BE27BCF84300B79D1D /* CrossDK.xcframework */; settings = {ATTRIBUTES = (CodeSignOnCopy, RemoveHeadersOnCopy, ); }; };
		FBE7C5C126F0E61400E4564E /* AppDelegate.swift in Sources */ = {isa = PBXBuildFile; fileRef = FBE7C5C026F0E61400E4564E /* AppDelegate.swift */; };
		FBE7C5C326F0E61400E4564E /* SceneDelegate.swift in Sources */ = {isa = PBXBuildFile; fileRef = FBE7C5C226F0E61400E4564E /* SceneDelegate.swift */; };
		FBE7C5CA26F0E61600E4564E /* Assets.xcassets in Resources */ = {isa = PBXBuildFile; fileRef = FBE7C5C926F0E61600E4564E /* Assets.xcassets */; };
		FBE7C5CD26F0E61600E4564E /* LaunchScreen.storyboard in Resources */ = {isa = PBXBuildFile; fileRef = FBE7C5CB26F0E61600E4564E /* LaunchScreen.storyboard */; };
		FBE7C5D726F0E7EF00E4564E /* CrossDKView.storyboard in Resources */ = {isa = PBXBuildFile; fileRef = FBE7C5D626F0E7EF00E4564E /* CrossDKView.storyboard */; };
		FBE7C5D926F0E7FB00E4564E /* CrossDKViewController.swift in Sources */ = {isa = PBXBuildFile; fileRef = FBE7C5D826F0E7FB00E4564E /* CrossDKViewController.swift */; };
/* End PBXBuildFile section */

/* Begin PBXCopyFilesBuildPhase section */
		1371D5C227BCF86F00B79D1D /* Embed Frameworks */ = {
			isa = PBXCopyFilesBuildPhase;
			buildActionMask = 2147483647;
			dstPath = "";
			dstSubfolderSpec = 10;
			files = (
				1371D5C127BCF86F00B79D1D /* CrossDK.xcframework in Embed Frameworks */,
			);
			name = "Embed Frameworks";
			runOnlyForDeploymentPostprocessing = 0;
		};
/* End PBXCopyFilesBuildPhase section */

/* Begin PBXFileReference section */
		1371D5BE27BCF84300B79D1D /* CrossDK.xcframework */ = {isa = PBXFileReference; lastKnownFileType = wrapper.xcframework; path = CrossDK.xcframework; sourceTree = "<group>"; };
		2931655EA9AD55D9351321EE /* Pods_CrossDK_demo_UIKit.framework */ = {isa = PBXFileReference; explicitFileType = wrapper.framework; includeInIndex = 0; path = Pods_CrossDK_demo_UIKit.framework; sourceTree = BUILT_PRODUCTS_DIR; };
		5620CFCB92DE74797440D46A /* Pods-CrossDK-demo UIKit.debug.xcconfig */ = {isa = PBXFileReference; includeInIndex = 1; lastKnownFileType = text.xcconfig; name = "Pods-CrossDK-demo UIKit.debug.xcconfig"; path = "Target Support Files/Pods-CrossDK-demo UIKit/Pods-CrossDK-demo UIKit.debug.xcconfig"; sourceTree = "<group>"; };
		7C0B35B52C905A3296D5A78F /* Pods-CrossDK-demo UIKit.release.xcconfig */ = {isa = PBXFileReference; includeInIndex = 1; lastKnownFileType = text.xcconfig; name = "Pods-CrossDK-demo UIKit.release.xcconfig"; path = "Target Support Files/Pods-CrossDK-demo UIKit/Pods-CrossDK-demo UIKit.release.xcconfig"; sourceTree = "<group>"; };
		FBE7C5BD26F0E61400E4564E /* CrossDK-demo UIKit.app */ = {isa = PBXFileReference; explicitFileType = wrapper.application; includeInIndex = 0; path = "CrossDK-demo UIKit.app"; sourceTree = BUILT_PRODUCTS_DIR; };
		FBE7C5C026F0E61400E4564E /* AppDelegate.swift */ = {isa = PBXFileReference; lastKnownFileType = sourcecode.swift; path = AppDelegate.swift; sourceTree = "<group>"; };
		FBE7C5C226F0E61400E4564E /* SceneDelegate.swift */ = {isa = PBXFileReference; lastKnownFileType = sourcecode.swift; path = SceneDelegate.swift; sourceTree = "<group>"; };
		FBE7C5C926F0E61600E4564E /* Assets.xcassets */ = {isa = PBXFileReference; lastKnownFileType = folder.assetcatalog; path = Assets.xcassets; sourceTree = "<group>"; };
		FBE7C5CC26F0E61600E4564E /* Base */ = {isa = PBXFileReference; lastKnownFileType = file.storyboard; name = Base; path = Base.lproj/LaunchScreen.storyboard; sourceTree = "<group>"; };
		FBE7C5CE26F0E61600E4564E /* Info.plist */ = {isa = PBXFileReference; lastKnownFileType = text.plist.xml; path = Info.plist; sourceTree = "<group>"; };
		FBE7C5D626F0E7EF00E4564E /* CrossDKView.storyboard */ = {isa = PBXFileReference; fileEncoding = 4; lastKnownFileType = file.storyboard; path = CrossDKView.storyboard; sourceTree = "<group>"; };
		FBE7C5D826F0E7FB00E4564E /* CrossDKViewController.swift */ = {isa = PBXFileReference; fileEncoding = 4; lastKnownFileType = sourcecode.swift; path = CrossDKViewController.swift; sourceTree = "<group>"; };
/* End PBXFileReference section */

/* Begin PBXFrameworksBuildPhase section */
		FBE7C5BA26F0E61400E4564E /* Frameworks */ = {
			isa = PBXFrameworksBuildPhase;
			buildActionMask = 2147483647;
			files = (
				1371D5C027BCF86F00B79D1D /* CrossDK.xcframework in Frameworks */,
			);
			runOnlyForDeploymentPostprocessing = 0;
		};
/* End PBXFrameworksBuildPhase section */

/* Begin PBXGroup section */
		13C7FDCA273526C70022EA52 /* CrossDKViewController */ = {
			isa = PBXGroup;
			children = (
				FBE7C5D626F0E7EF00E4564E /* CrossDKView.storyboard */,
				FBE7C5D826F0E7FB00E4564E /* CrossDKViewController.swift */,
			);
			path = CrossDKViewController;
			sourceTree = "<group>";
		};
		13C7FDCB273526FB0022EA52 /* Resources */ = {
			isa = PBXGroup;
			children = (
				FBE7C5CB26F0E61600E4564E /* LaunchScreen.storyboard */,
				FBE7C5C926F0E61600E4564E /* Assets.xcassets */,
				FBE7C5CE26F0E61600E4564E /* Info.plist */,
			);
			path = Resources;
			sourceTree = "<group>";
		};
		4C5DBA95ED08C18C23680B94 /* Frameworks */ = {
			isa = PBXGroup;
			children = (
				2931655EA9AD55D9351321EE /* Pods_CrossDK_demo_UIKit.framework */,
			);
			name = Frameworks;
			sourceTree = "<group>";
		};
		934708A22A35E87E87E313E8 /* Pods */ = {
			isa = PBXGroup;
			children = (
				5620CFCB92DE74797440D46A /* Pods-CrossDK-demo UIKit.debug.xcconfig */,
				7C0B35B52C905A3296D5A78F /* Pods-CrossDK-demo UIKit.release.xcconfig */,
			);
			path = Pods;
			sourceTree = "<group>";
		};
		FBE7C5B426F0E61400E4564E = {
			isa = PBXGroup;
			children = (
				1371D5BE27BCF84300B79D1D /* CrossDK.xcframework */,
				FBE7C5BF26F0E61400E4564E /* CrossDK-demo UIKit */,
				FBE7C5BE26F0E61400E4564E /* Products */,
				934708A22A35E87E87E313E8 /* Pods */,
				4C5DBA95ED08C18C23680B94 /* Frameworks */,
			);
			sourceTree = "<group>";
		};
		FBE7C5BE26F0E61400E4564E /* Products */ = {
			isa = PBXGroup;
			children = (
				FBE7C5BD26F0E61400E4564E /* CrossDK-demo UIKit.app */,
			);
			name = Products;
			sourceTree = "<group>";
		};
		FBE7C5BF26F0E61400E4564E /* CrossDK-demo UIKit */ = {
			isa = PBXGroup;
			children = (
				FBE7C5C026F0E61400E4564E /* AppDelegate.swift */,
				FBE7C5C226F0E61400E4564E /* SceneDelegate.swift */,
				13C7FDCA273526C70022EA52 /* CrossDKViewController */,
				13C7FDCB273526FB0022EA52 /* Resources */,
			);
			path = "CrossDK-demo UIKit";
			sourceTree = "<group>";
		};
/* End PBXGroup section */

/* Begin PBXNativeTarget section */
		FBE7C5BC26F0E61400E4564E /* CrossDK-demo UIKit */ = {
			isa = PBXNativeTarget;
			buildConfigurationList = FBE7C5D126F0E61600E4564E /* Build configuration list for PBXNativeTarget "CrossDK-demo UIKit" */;
			buildPhases = (
				89F6C443D6179D5A03D6110D /* [CP] Check Pods Manifest.lock */,
				FBE7C5B926F0E61400E4564E /* Sources */,
				FBE7C5BA26F0E61400E4564E /* Frameworks */,
				FBE7C5BB26F0E61400E4564E /* Resources */,
				1371D5C227BCF86F00B79D1D /* Embed Frameworks */,
			);
			buildRules = (
			);
			dependencies = (
			);
			name = "CrossDK-demo UIKit";
			productName = "CrossDK-demo";
			productReference = FBE7C5BD26F0E61400E4564E /* CrossDK-demo UIKit.app */;
			productType = "com.apple.product-type.application";
		};
/* End PBXNativeTarget section */

/* Begin PBXProject section */
		FBE7C5B526F0E61400E4564E /* Project object */ = {
			isa = PBXProject;
			attributes = {
				BuildIndependentTargetsInParallel = 1;
				LastSwiftUpdateCheck = 1300;
				LastUpgradeCheck = 1300;
				TargetAttributes = {
					FBE7C5BC26F0E61400E4564E = {
						CreatedOnToolsVersion = 13.0;
					};
				};
			};
			buildConfigurationList = FBE7C5B826F0E61400E4564E /* Build configuration list for PBXProject "CrossDK-demo UIKit" */;
			compatibilityVersion = "Xcode 13.0";
			developmentRegion = en;
			hasScannedForEncodings = 0;
			knownRegions = (
				en,
				Base,
			);
			mainGroup = FBE7C5B426F0E61400E4564E;
			productRefGroup = FBE7C5BE26F0E61400E4564E /* Products */;
			projectDirPath = "";
			projectRoot = "";
			targets = (
				FBE7C5BC26F0E61400E4564E /* CrossDK-demo UIKit */,
			);
		};
/* End PBXProject section */

/* Begin PBXResourcesBuildPhase section */
		FBE7C5BB26F0E61400E4564E /* Resources */ = {
			isa = PBXResourcesBuildPhase;
			buildActionMask = 2147483647;
			files = (
				FBE7C5CD26F0E61600E4564E /* LaunchScreen.storyboard in Resources */,
				FBE7C5CA26F0E61600E4564E /* Assets.xcassets in Resources */,
				FBE7C5D726F0E7EF00E4564E /* CrossDKView.storyboard in Resources */,
			);
			runOnlyForDeploymentPostprocessing = 0;
		};
/* End PBXResourcesBuildPhase section */

/* Begin PBXShellScriptBuildPhase section */
		89F6C443D6179D5A03D6110D /* [CP] Check Pods Manifest.lock */ = {
			isa = PBXShellScriptBuildPhase;
			buildActionMask = 2147483647;
			files = (
			);
			inputFileListPaths = (
			);
			inputPaths = (
				"${PODS_PODFILE_DIR_PATH}/Podfile.lock",
				"${PODS_ROOT}/Manifest.lock",
			);
			name = "[CP] Check Pods Manifest.lock";
			outputFileListPaths = (
			);
			outputPaths = (
				"$(DERIVED_FILE_DIR)/Pods-CrossDK-demo UIKit-checkManifestLockResult.txt",
			);
			runOnlyForDeploymentPostprocessing = 0;
			shellPath = /bin/sh;
			shellScript = "diff \"${PODS_PODFILE_DIR_PATH}/Podfile.lock\" \"${PODS_ROOT}/Manifest.lock\" > /dev/null\nif [ $? != 0 ] ; then\n    # print error to STDERR\n    echo \"error: The sandbox is not in sync with the Podfile.lock. Run 'pod install' or update your CocoaPods installation.\" >&2\n    exit 1\nfi\n# This output is used by Xcode 'outputs' to avoid re-running this script phase.\necho \"SUCCESS\" > \"${SCRIPT_OUTPUT_FILE_0}\"\n";
			showEnvVarsInLog = 0;
		};
/* End PBXShellScriptBuildPhase section */

/* Begin PBXSourcesBuildPhase section */
		FBE7C5B926F0E61400E4564E /* Sources */ = {
			isa = PBXSourcesBuildPhase;
			buildActionMask = 2147483647;
			files = (
				FBE7C5C126F0E61400E4564E /* AppDelegate.swift in Sources */,
				FBE7C5D926F0E7FB00E4564E /* CrossDKViewController.swift in Sources */,
				FBE7C5C326F0E61400E4564E /* SceneDelegate.swift in Sources */,
			);
			runOnlyForDeploymentPostprocessing = 0;
		};
/* End PBXSourcesBuildPhase section */

/* Begin PBXVariantGroup section */
		FBE7C5CB26F0E61600E4564E /* LaunchScreen.storyboard */ = {
			isa = PBXVariantGroup;
			children = (
				FBE7C5CC26F0E61600E4564E /* Base */,
			);
			name = LaunchScreen.storyboard;
			sourceTree = "<group>";
		};
/* End PBXVariantGroup section */

/* Begin XCBuildConfiguration section */
		FBE7C5CF26F0E61600E4564E /* Debug */ = {
			isa = XCBuildConfiguration;
			buildSettings = {
				ALWAYS_SEARCH_USER_PATHS = NO;
				CLANG_ANALYZER_NONNULL = YES;
				CLANG_ANALYZER_NUMBER_OBJECT_CONVERSION = YES_AGGRESSIVE;
				CLANG_CXX_LANGUAGE_STANDARD = "gnu++17";
				CLANG_CXX_LIBRARY = "libc++";
				CLANG_ENABLE_MODULES = YES;
				CLANG_ENABLE_OBJC_ARC = YES;
				CLANG_ENABLE_OBJC_WEAK = YES;
				CLANG_WARN_BLOCK_CAPTURE_AUTORELEASING = YES;
				CLANG_WARN_BOOL_CONVERSION = YES;
				CLANG_WARN_COMMA = YES;
				CLANG_WARN_CONSTANT_CONVERSION = YES;
				CLANG_WARN_DEPRECATED_OBJC_IMPLEMENTATIONS = YES;
				CLANG_WARN_DIRECT_OBJC_ISA_USAGE = YES_ERROR;
				CLANG_WARN_DOCUMENTATION_COMMENTS = YES;
				CLANG_WARN_EMPTY_BODY = YES;
				CLANG_WARN_ENUM_CONVERSION = YES;
				CLANG_WARN_INFINITE_RECURSION = YES;
				CLANG_WARN_INT_CONVERSION = YES;
				CLANG_WARN_NON_LITERAL_NULL_CONVERSION = YES;
				CLANG_WARN_OBJC_IMPLICIT_RETAIN_SELF = YES;
				CLANG_WARN_OBJC_LITERAL_CONVERSION = YES;
				CLANG_WARN_OBJC_ROOT_CLASS = YES_ERROR;
				CLANG_WARN_QUOTED_INCLUDE_IN_FRAMEWORK_HEADER = YES;
				CLANG_WARN_RANGE_LOOP_ANALYSIS = YES;
				CLANG_WARN_STRICT_PROTOTYPES = YES;
				CLANG_WARN_SUSPICIOUS_MOVE = YES;
				CLANG_WARN_UNGUARDED_AVAILABILITY = YES_AGGRESSIVE;
				CLANG_WARN_UNREACHABLE_CODE = YES;
				CLANG_WARN__DUPLICATE_METHOD_MATCH = YES;
				COPY_PHASE_STRIP = NO;
				DEBUG_INFORMATION_FORMAT = dwarf;
				ENABLE_STRICT_OBJC_MSGSEND = YES;
				ENABLE_TESTABILITY = YES;
				GCC_C_LANGUAGE_STANDARD = gnu11;
				GCC_DYNAMIC_NO_PIC = NO;
				GCC_NO_COMMON_BLOCKS = YES;
				GCC_OPTIMIZATION_LEVEL = 0;
				GCC_PREPROCESSOR_DEFINITIONS = (
					"DEBUG=1",
					"$(inherited)",
				);
				GCC_WARN_64_TO_32_BIT_CONVERSION = YES;
				GCC_WARN_ABOUT_RETURN_TYPE = YES_ERROR;
				GCC_WARN_UNDECLARED_SELECTOR = YES;
				GCC_WARN_UNINITIALIZED_AUTOS = YES_AGGRESSIVE;
				GCC_WARN_UNUSED_FUNCTION = YES;
				GCC_WARN_UNUSED_VARIABLE = YES;
				IPHONEOS_DEPLOYMENT_TARGET = 14.5;
				MTL_ENABLE_DEBUG_INFO = INCLUDE_SOURCE;
				MTL_FAST_MATH = YES;
				ONLY_ACTIVE_ARCH = YES;
				SDKROOT = iphoneos;
				SWIFT_ACTIVE_COMPILATION_CONDITIONS = DEBUG;
				SWIFT_OPTIMIZATION_LEVEL = "-Onone";
			};
			name = Debug;
		};
		FBE7C5D026F0E61600E4564E /* Release */ = {
			isa = XCBuildConfiguration;
			buildSettings = {
				ALWAYS_SEARCH_USER_PATHS = NO;
				CLANG_ANALYZER_NONNULL = YES;
				CLANG_ANALYZER_NUMBER_OBJECT_CONVERSION = YES_AGGRESSIVE;
				CLANG_CXX_LANGUAGE_STANDARD = "gnu++17";
				CLANG_CXX_LIBRARY = "libc++";
				CLANG_ENABLE_MODULES = YES;
				CLANG_ENABLE_OBJC_ARC = YES;
				CLANG_ENABLE_OBJC_WEAK = YES;
				CLANG_WARN_BLOCK_CAPTURE_AUTORELEASING = YES;
				CLANG_WARN_BOOL_CONVERSION = YES;
				CLANG_WARN_COMMA = YES;
				CLANG_WARN_CONSTANT_CONVERSION = YES;
				CLANG_WARN_DEPRECATED_OBJC_IMPLEMENTATIONS = YES;
				CLANG_WARN_DIRECT_OBJC_ISA_USAGE = YES_ERROR;
				CLANG_WARN_DOCUMENTATION_COMMENTS = YES;
				CLANG_WARN_EMPTY_BODY = YES;
				CLANG_WARN_ENUM_CONVERSION = YES;
				CLANG_WARN_INFINITE_RECURSION = YES;
				CLANG_WARN_INT_CONVERSION = YES;
				CLANG_WARN_NON_LITERAL_NULL_CONVERSION = YES;
				CLANG_WARN_OBJC_IMPLICIT_RETAIN_SELF = YES;
				CLANG_WARN_OBJC_LITERAL_CONVERSION = YES;
				CLANG_WARN_OBJC_ROOT_CLASS = YES_ERROR;
				CLANG_WARN_QUOTED_INCLUDE_IN_FRAMEWORK_HEADER = YES;
				CLANG_WARN_RANGE_LOOP_ANALYSIS = YES;
				CLANG_WARN_STRICT_PROTOTYPES = YES;
				CLANG_WARN_SUSPICIOUS_MOVE = YES;
				CLANG_WARN_UNGUARDED_AVAILABILITY = YES_AGGRESSIVE;
				CLANG_WARN_UNREACHABLE_CODE = YES;
				CLANG_WARN__DUPLICATE_METHOD_MATCH = YES;
				COPY_PHASE_STRIP = NO;
				DEBUG_INFORMATION_FORMAT = "dwarf-with-dsym";
				ENABLE_NS_ASSERTIONS = NO;
				ENABLE_STRICT_OBJC_MSGSEND = YES;
				GCC_C_LANGUAGE_STANDARD = gnu11;
				GCC_NO_COMMON_BLOCKS = YES;
				GCC_WARN_64_TO_32_BIT_CONVERSION = YES;
				GCC_WARN_ABOUT_RETURN_TYPE = YES_ERROR;
				GCC_WARN_UNDECLARED_SELECTOR = YES;
				GCC_WARN_UNINITIALIZED_AUTOS = YES_AGGRESSIVE;
				GCC_WARN_UNUSED_FUNCTION = YES;
				GCC_WARN_UNUSED_VARIABLE = YES;
				IPHONEOS_DEPLOYMENT_TARGET = 14.5;
				MTL_ENABLE_DEBUG_INFO = NO;
				MTL_FAST_MATH = YES;
				SDKROOT = iphoneos;
				SWIFT_COMPILATION_MODE = wholemodule;
				SWIFT_OPTIMIZATION_LEVEL = "-O";
				VALIDATE_PRODUCT = YES;
			};
			name = Release;
		};
		FBE7C5D226F0E61600E4564E /* Debug */ = {
			isa = XCBuildConfiguration;
			baseConfigurationReference = 5620CFCB92DE74797440D46A /* Pods-CrossDK-demo UIKit.debug.xcconfig */;
			buildSettings = {
				ASSETCATALOG_COMPILER_APPICON_NAME = AppIcon;
				ASSETCATALOG_COMPILER_GLOBAL_ACCENT_COLOR_NAME = AccentColor;
				CODE_SIGN_STYLE = Automatic;
				CURRENT_PROJECT_VERSION = 1;
				DEVELOPMENT_TEAM = "";
				GENERATE_INFOPLIST_FILE = YES;
				INFOPLIST_FILE = "CrossDK-demo UIKit/Resources/Info.plist";
				INFOPLIST_KEY_CFBundleDisplayName = "CrossDK-demo UIKit";
				INFOPLIST_KEY_UIApplicationSupportsIndirectInputEvents = YES;
				INFOPLIST_KEY_UILaunchStoryboardName = LaunchScreen;
				INFOPLIST_KEY_UIMainStoryboardFile = CrossDKView;
				INFOPLIST_KEY_UISupportedInterfaceOrientations_iPad = "UIInterfaceOrientationPortrait UIInterfaceOrientationPortraitUpsideDown UIInterfaceOrientationLandscapeLeft UIInterfaceOrientationLandscapeRight";
				INFOPLIST_KEY_UISupportedInterfaceOrientations_iPhone = "UIInterfaceOrientationPortrait UIInterfaceOrientationLandscapeLeft UIInterfaceOrientationLandscapeRight";
				IPHONEOS_DEPLOYMENT_TARGET = 10.0;
				LD_RUNPATH_SEARCH_PATHS = (
					"$(inherited)",
					"@executable_path/Frameworks",
				);
				MARKETING_VERSION = 1.0;
				PRODUCT_BUNDLE_IDENTIFIER = "com.adikteev.CrossDK-demo";
				PRODUCT_NAME = "$(TARGET_NAME)";
				SWIFT_EMIT_LOC_STRINGS = YES;
				SWIFT_VERSION = 5.0;
				TARGETED_DEVICE_FAMILY = "1,2";
			};
			name = Debug;
		};
		FBE7C5D326F0E61600E4564E /* Release */ = {
			isa = XCBuildConfiguration;
			baseConfigurationReference = 7C0B35B52C905A3296D5A78F /* Pods-CrossDK-demo UIKit.release.xcconfig */;
			buildSettings = {
				ASSETCATALOG_COMPILER_APPICON_NAME = AppIcon;
				ASSETCATALOG_COMPILER_GLOBAL_ACCENT_COLOR_NAME = AccentColor;
				CODE_SIGN_STYLE = Automatic;
				CURRENT_PROJECT_VERSION = 1;
				DEVELOPMENT_TEAM = "";
				GENERATE_INFOPLIST_FILE = YES;
				INFOPLIST_FILE = "CrossDK-demo UIKit/Resources/Info.plist";
				INFOPLIST_KEY_CFBundleDisplayName = "CrossDK-demo UIKit";
				INFOPLIST_KEY_UIApplicationSupportsIndirectInputEvents = YES;
				INFOPLIST_KEY_UILaunchStoryboardName = LaunchScreen;
				INFOPLIST_KEY_UIMainStoryboardFile = CrossDKView;
				INFOPLIST_KEY_UISupportedInterfaceOrientations_iPad = "UIInterfaceOrientationPortrait UIInterfaceOrientationPortraitUpsideDown UIInterfaceOrientationLandscapeLeft UIInterfaceOrientationLandscapeRight";
				INFOPLIST_KEY_UISupportedInterfaceOrientations_iPhone = "UIInterfaceOrientationPortrait UIInterfaceOrientationLandscapeLeft UIInterfaceOrientationLandscapeRight";
				IPHONEOS_DEPLOYMENT_TARGET = 10.0;
				LD_RUNPATH_SEARCH_PATHS = (
					"$(inherited)",
					"@executable_path/Frameworks",
				);
				MARKETING_VERSION = 1.0;
				PRODUCT_BUNDLE_IDENTIFIER = "com.adikteev.CrossDK-demo";
				PRODUCT_NAME = "$(TARGET_NAME)";
				SWIFT_EMIT_LOC_STRINGS = YES;
				SWIFT_VERSION = 5.0;
				TARGETED_DEVICE_FAMILY = "1,2";
			};
			name = Release;
		};
/* End XCBuildConfiguration section */

/* Begin XCConfigurationList section */
		FBE7C5B826F0E61400E4564E /* Build configuration list for PBXProject "CrossDK-demo UIKit" */ = {
			isa = XCConfigurationList;
			buildConfigurations = (
				FBE7C5CF26F0E61600E4564E /* Debug */,
				FBE7C5D026F0E61600E4564E /* Release */,
			);
			defaultConfigurationIsVisible = 0;
			defaultConfigurationName = Release;
		};
		FBE7C5D126F0E61600E4564E /* Build configuration list for PBXNativeTarget "CrossDK-demo UIKit" */ = {
			isa = XCConfigurationList;
			buildConfigurations = (
				FBE7C5D226F0E61600E4564E /* Debug */,
				FBE7C5D326F0E61600E4564E /* Release */,
			);
			defaultConfigurationIsVisible = 0;
			defaultConfigurationName = Release;
		};
/* End XCConfigurationList section */
	};
	rootObject = FBE7C5B526F0E61400E4564E /* Project object */;
}
