PODS:
  - CrossDK (2.0.0)

DEPENDENCIES:
  - "CrossDK (from `git@github.com:Adikteev/crossdk-ios.git`)"

EXTERNAL SOURCES:
  CrossDK:
    :git: "git@github.com:Adikteev/crossdk-ios.git"

CHECKOUT OPTIONS:
  CrossDK:
    :commit: 97aa8297b22f3b4f9361b165f27cc15702c4e6bc
    :git: "git@github.com:Adikteev/crossdk-ios.git"

SPEC CHECKSUMS:
  CrossDK: f6e9a25567811a4486f526ddeae82b3e6e1d35ad

PODFILE CHECKSUM: 388bd2ee9e5e30123b1095e700093ea69e1bfce4

COCOAPODS: 1.11.2
